{
  "name": "pcs-scheds-optimize",
  "version": "1.0.0",
  "lockfileVersion": 2,
  "requires": true,
  "packages": {
    "": {
      "version": "1.0.0",
      "license": "ISC",
      "dependencies": {
        "dijkstra-short-path": "^1.0.3"
      }
    },
    "node_modules/dijkstra-short-path": {
      "version": "1.0.3",
      "resolved": "https://registry.npmjs.org/dijkstra-short-path/-/dijkstra-short-path-1.0.3.tgz",
      "integrity": "sha512-dGGgrH5R+7IvQt4rrmiBUSNFiItMgDLdn7Qt4hBFRpb6s47f+Z2RpkUZRNHrlaMW7Utf2DbpD16BsJBgflX96w=="
    }
  },
  "dependencies": {
    "dijkstra-short-path": {
      "version": "1.0.3",
      "resolved": "https://registry.npmjs.org/dijkstra-short-path/-/dijkstra-short-path-1.0.3.tgz",
      "integrity": "sha512-dGGgrH5R+7IvQt4rrmiBUSNFiItMgDLdn7Qt4hBFRpb6s47f+Z2RpkUZRNHrlaMW7Utf2DbpD16BsJBgflX96w=="
    }
  }
}
